
Microsoft Visual Studio Solution File, Format Version 12.00
# Visual Studio Version 17
VisualStudioVersion = 17.5.33516.290
MinimumVisualStudioVersion = 10.0.40219.1
Project("{9A19103F-16F7-4668-BE54-9A1E7A4F7556}") = "ProjectDetailsAPI", "ProjectDetails\ProjectDetailsAPI.csproj", "{361F2B57-C9CE-4C96-B470-42D217AECCBB}"
EndProject
Global
	GlobalSection(SolutionConfigurationPlatforms) = preSolution
		Debug|Any CPU = Debug|Any CPU
		Release|Any CPU = Release|Any CPU
	EndGlobalSection
	GlobalSection(ProjectConfigurationPlatforms) = postSolution
		{361F2B57-C9CE-4C96-B470-42D217AECCBB}.Debug|Any CPU.ActiveCfg = Debug|Any CPU
		{361F2B57-C9CE-4C96-B470-42D217AECCBB}.Debug|Any CPU.Build.0 = Debug|Any CPU
		{361F2B57-C9CE-4C96-B470-42D217AECCBB}.Release|Any CPU.ActiveCfg = Release|Any CPU
		{361F2B57-C9CE-4C96-B470-42D217AECCBB}.Release|Any CPU.Build.0 = Release|Any CPU
	EndGlobalSection
	GlobalSection(SolutionProperties) = preSolution
		HideSolutionNode = FALSE
	EndGlobalSection
	GlobalSection(ExtensibilityGlobals) = postSolution
		SolutionGuid = {81A8365D-D7EE-41F7-854F-E980BAAC1699}
	EndGlobalSection
EndGlobal
